
Microsoft Visual Studio Solution File, Format Version 12.00
# Visual Studio 15
VisualStudioVersion = 15.0.28307.106
MinimumVisualStudioVersion = 10.0.40219.1
Project("{FAE04EC0-301F-11D3-BF4B-00C04F79EFBC}") = "01.Box", "01.Box\01.Box.csproj", "{737AFA5E-0A4E-4B63-9908-448C5447AB75}"
EndProject
Project("{FAE04EC0-301F-11D3-BF4B-00C04F79EFBC}") = "02.ArrayCreator", "02.ArrayCreator\02.ArrayCreator.csproj", "{2B59C6D7-3F26-41CC-905A-EFB045F105D8}"
EndProject
Project("{FAE04EC0-301F-11D3-BF4B-00C04F79EFBC}") = "03.GenericScale", "03.GenericScale\03.GenericScale.csproj", "{0B57B790-EE16-41C4-8406-F34597148922}"
EndProject
Global
	GlobalSection(SolutionConfigurationPlatforms) = preSolution
		Debug|Any CPU = Debug|Any CPU
		Release|Any CPU = Release|Any CPU
	EndGlobalSection
	GlobalSection(ProjectConfigurationPlatforms) = postSolution
		{737AFA5E-0A4E-4B63-9908-448C5447AB75}.Debug|Any CPU.ActiveCfg = Debug|Any CPU
		{737AFA5E-0A4E-4B63-9908-448C5447AB75}.Debug|Any CPU.Build.0 = Debug|Any CPU
		{737AFA5E-0A4E-4B63-9908-448C5447AB75}.Release|Any CPU.ActiveCfg = Release|Any CPU
		{737AFA5E-0A4E-4B63-9908-448C5447AB75}.Release|Any CPU.Build.0 = Release|Any CPU
		{2B59C6D7-3F26-41CC-905A-EFB045F105D8}.Debug|Any CPU.ActiveCfg = Debug|Any CPU
		{2B59C6D7-3F26-41CC-905A-EFB045F105D8}.Debug|Any CPU.Build.0 = Debug|Any CPU
		{2B59C6D7-3F26-41CC-905A-EFB045F105D8}.Release|Any CPU.ActiveCfg = Release|Any CPU
		{2B59C6D7-3F26-41CC-905A-EFB045F105D8}.Release|Any CPU.Build.0 = Release|Any CPU
		{0B57B790-EE16-41C4-8406-F34597148922}.Debug|Any CPU.ActiveCfg = Debug|Any CPU
		{0B57B790-EE16-41C4-8406-F34597148922}.Debug|Any CPU.Build.0 = Debug|Any CPU
		{0B57B790-EE16-41C4-8406-F34597148922}.Release|Any CPU.ActiveCfg = Release|Any CPU
		{0B57B790-EE16-41C4-8406-F34597148922}.Release|Any CPU.Build.0 = Release|Any CPU
	EndGlobalSection
	GlobalSection(SolutionProperties) = preSolution
		HideSolutionNode = FALSE
	EndGlobalSection
	GlobalSection(ExtensibilityGlobals) = postSolution
		SolutionGuid = {956F5B93-B43C-4087-8F3B-AD5C449C6B9F}
	EndGlobalSection
EndGlobal
