
Microsoft Visual Studio Solution File, Format Version 12.00
# Visual Studio 15
VisualStudioVersion = 15.0.28307.106
MinimumVisualStudioVersion = 10.0.40219.1
Project("{9A19103F-16F7-4668-BE54-9A1E7A4F7556}") = "01. Action Print", "01. Action Print\01. Action Print.csproj", "{670DAA0E-7438-4CBD-8953-E6900E9E3520}"
EndProject
Project("{9A19103F-16F7-4668-BE54-9A1E7A4F7556}") = "02. Knights of Honor", "02. Knights of Honor\02. Knights of Honor.csproj", "{3B115613-DC8E-423A-8845-01CFABB6D6F3}"
EndProject
Project("{9A19103F-16F7-4668-BE54-9A1E7A4F7556}") = "03. Custom Min Function", "03. Custom Min Function\03. Custom Min Function.csproj", "{5BDD451A-1BDD-4688-9EFA-1BD88119CAE6}"
EndProject
Project("{9A19103F-16F7-4668-BE54-9A1E7A4F7556}") = "04. Find Evens or Odds", "04. Find Evens or Odds\04. Find Evens or Odds.csproj", "{A5E9B580-5A83-43AD-95BF-AB8CDCCEEC97}"
EndProject
Project("{9A19103F-16F7-4668-BE54-9A1E7A4F7556}") = "05. Applied Arithmetics", "05. Applied Arithmetics\05. Applied Arithmetics.csproj", "{B08576F9-D46B-4C85-BC0C-09CDA271CFDA}"
EndProject
Project("{9A19103F-16F7-4668-BE54-9A1E7A4F7556}") = "06. Reverse And Exclude", "06. Reverse And Exclude\06. Reverse And Exclude.csproj", "{65AC6E41-930F-46C8-867B-788C6B74763C}"
EndProject
Project("{9A19103F-16F7-4668-BE54-9A1E7A4F7556}") = "07. Predicate For Names", "07. Predicate For Names\07. Predicate For Names.csproj", "{080B2DEE-A272-4863-B0F4-8A90B77C8583}"
EndProject
Project("{9A19103F-16F7-4668-BE54-9A1E7A4F7556}") = "08. Custom Comparator", "08. Custom Comparator\08. Custom Comparator.csproj", "{4B49BB0C-1D22-4177-B1E2-1EEEB4BF24A3}"
EndProject
Project("{9A19103F-16F7-4668-BE54-9A1E7A4F7556}") = "09. List Of Predicates", "09. List Of Predicates\09. List Of Predicates.csproj", "{E9F9BD3E-9E78-4A6D-925A-233E138A3FDC}"
EndProject
Project("{FAE04EC0-301F-11D3-BF4B-00C04F79EFBC}") = "10. Predicate Party!", "10. Predicate Party!\10. Predicate Party!.csproj", "{BB4CB168-B6CA-4852-A929-877526A42442}"
EndProject
Project("{FAE04EC0-301F-11D3-BF4B-00C04F79EFBC}") = "11. The Party Reservation Filter Module", "11. The Party Reservation Filter Module\11. The Party Reservation Filter Module.csproj", "{EAA475CC-DFA1-438D-95F8-22DFEBE74A90}"
EndProject
Project("{FAE04EC0-301F-11D3-BF4B-00C04F79EFBC}") = "12. Inferno III", "12. Inferno III\12. Inferno III.csproj", "{ED34DD6B-A71A-459F-AB04-F3B679338229}"
EndProject
Project("{FAE04EC0-301F-11D3-BF4B-00C04F79EFBC}") = "13. TriFunction", "13. TriFunction\13. TriFunction.csproj", "{9D20C50B-4501-4A4B-8037-FB69B1D4A6A5}"
EndProject
Project("{FAE04EC0-301F-11D3-BF4B-00C04F79EFBC}") = "13. TriFunction (Hacked)", "13. TriFunction (Hacked)\13. TriFunction (Hacked).csproj", "{A9315480-FC8D-4DDA-99F1-E0E0B38DBDA1}"
EndProject
Global
	GlobalSection(SolutionConfigurationPlatforms) = preSolution
		Debug|Any CPU = Debug|Any CPU
		Release|Any CPU = Release|Any CPU
	EndGlobalSection
	GlobalSection(ProjectConfigurationPlatforms) = postSolution
		{670DAA0E-7438-4CBD-8953-E6900E9E3520}.Debug|Any CPU.ActiveCfg = Debug|Any CPU
		{670DAA0E-7438-4CBD-8953-E6900E9E3520}.Debug|Any CPU.Build.0 = Debug|Any CPU
		{670DAA0E-7438-4CBD-8953-E6900E9E3520}.Release|Any CPU.ActiveCfg = Release|Any CPU
		{670DAA0E-7438-4CBD-8953-E6900E9E3520}.Release|Any CPU.Build.0 = Release|Any CPU
		{3B115613-DC8E-423A-8845-01CFABB6D6F3}.Debug|Any CPU.ActiveCfg = Debug|Any CPU
		{3B115613-DC8E-423A-8845-01CFABB6D6F3}.Debug|Any CPU.Build.0 = Debug|Any CPU
		{3B115613-DC8E-423A-8845-01CFABB6D6F3}.Release|Any CPU.ActiveCfg = Release|Any CPU
		{3B115613-DC8E-423A-8845-01CFABB6D6F3}.Release|Any CPU.Build.0 = Release|Any CPU
		{5BDD451A-1BDD-4688-9EFA-1BD88119CAE6}.Debug|Any CPU.ActiveCfg = Debug|Any CPU
		{5BDD451A-1BDD-4688-9EFA-1BD88119CAE6}.Debug|Any CPU.Build.0 = Debug|Any CPU
		{5BDD451A-1BDD-4688-9EFA-1BD88119CAE6}.Release|Any CPU.ActiveCfg = Release|Any CPU
		{5BDD451A-1BDD-4688-9EFA-1BD88119CAE6}.Release|Any CPU.Build.0 = Release|Any CPU
		{A5E9B580-5A83-43AD-95BF-AB8CDCCEEC97}.Debug|Any CPU.ActiveCfg = Debug|Any CPU
		{A5E9B580-5A83-43AD-95BF-AB8CDCCEEC97}.Debug|Any CPU.Build.0 = Debug|Any CPU
		{A5E9B580-5A83-43AD-95BF-AB8CDCCEEC97}.Release|Any CPU.ActiveCfg = Release|Any CPU
		{A5E9B580-5A83-43AD-95BF-AB8CDCCEEC97}.Release|Any CPU.Build.0 = Release|Any CPU
		{B08576F9-D46B-4C85-BC0C-09CDA271CFDA}.Debug|Any CPU.ActiveCfg = Debug|Any CPU
		{B08576F9-D46B-4C85-BC0C-09CDA271CFDA}.Debug|Any CPU.Build.0 = Debug|Any CPU
		{B08576F9-D46B-4C85-BC0C-09CDA271CFDA}.Release|Any CPU.ActiveCfg = Release|Any CPU
		{B08576F9-D46B-4C85-BC0C-09CDA271CFDA}.Release|Any CPU.Build.0 = Release|Any CPU
		{65AC6E41-930F-46C8-867B-788C6B74763C}.Debug|Any CPU.ActiveCfg = Debug|Any CPU
		{65AC6E41-930F-46C8-867B-788C6B74763C}.Debug|Any CPU.Build.0 = Debug|Any CPU
		{65AC6E41-930F-46C8-867B-788C6B74763C}.Release|Any CPU.ActiveCfg = Release|Any CPU
		{65AC6E41-930F-46C8-867B-788C6B74763C}.Release|Any CPU.Build.0 = Release|Any CPU
		{080B2DEE-A272-4863-B0F4-8A90B77C8583}.Debug|Any CPU.ActiveCfg = Debug|Any CPU
		{080B2DEE-A272-4863-B0F4-8A90B77C8583}.Debug|Any CPU.Build.0 = Debug|Any CPU
		{080B2DEE-A272-4863-B0F4-8A90B77C8583}.Release|Any CPU.ActiveCfg = Release|Any CPU
		{080B2DEE-A272-4863-B0F4-8A90B77C8583}.Release|Any CPU.Build.0 = Release|Any CPU
		{4B49BB0C-1D22-4177-B1E2-1EEEB4BF24A3}.Debug|Any CPU.ActiveCfg = Debug|Any CPU
		{4B49BB0C-1D22-4177-B1E2-1EEEB4BF24A3}.Debug|Any CPU.Build.0 = Debug|Any CPU
		{4B49BB0C-1D22-4177-B1E2-1EEEB4BF24A3}.Release|Any CPU.ActiveCfg = Release|Any CPU
		{4B49BB0C-1D22-4177-B1E2-1EEEB4BF24A3}.Release|Any CPU.Build.0 = Release|Any CPU
		{E9F9BD3E-9E78-4A6D-925A-233E138A3FDC}.Debug|Any CPU.ActiveCfg = Debug|Any CPU
		{E9F9BD3E-9E78-4A6D-925A-233E138A3FDC}.Debug|Any CPU.Build.0 = Debug|Any CPU
		{E9F9BD3E-9E78-4A6D-925A-233E138A3FDC}.Release|Any CPU.ActiveCfg = Release|Any CPU
		{E9F9BD3E-9E78-4A6D-925A-233E138A3FDC}.Release|Any CPU.Build.0 = Release|Any CPU
		{BB4CB168-B6CA-4852-A929-877526A42442}.Debug|Any CPU.ActiveCfg = Debug|Any CPU
		{BB4CB168-B6CA-4852-A929-877526A42442}.Debug|Any CPU.Build.0 = Debug|Any CPU
		{BB4CB168-B6CA-4852-A929-877526A42442}.Release|Any CPU.ActiveCfg = Release|Any CPU
		{BB4CB168-B6CA-4852-A929-877526A42442}.Release|Any CPU.Build.0 = Release|Any CPU
		{EAA475CC-DFA1-438D-95F8-22DFEBE74A90}.Debug|Any CPU.ActiveCfg = Debug|Any CPU
		{EAA475CC-DFA1-438D-95F8-22DFEBE74A90}.Debug|Any CPU.Build.0 = Debug|Any CPU
		{EAA475CC-DFA1-438D-95F8-22DFEBE74A90}.Release|Any CPU.ActiveCfg = Release|Any CPU
		{EAA475CC-DFA1-438D-95F8-22DFEBE74A90}.Release|Any CPU.Build.0 = Release|Any CPU
		{ED34DD6B-A71A-459F-AB04-F3B679338229}.Debug|Any CPU.ActiveCfg = Debug|Any CPU
		{ED34DD6B-A71A-459F-AB04-F3B679338229}.Debug|Any CPU.Build.0 = Debug|Any CPU
		{ED34DD6B-A71A-459F-AB04-F3B679338229}.Release|Any CPU.ActiveCfg = Release|Any CPU
		{ED34DD6B-A71A-459F-AB04-F3B679338229}.Release|Any CPU.Build.0 = Release|Any CPU
		{9D20C50B-4501-4A4B-8037-FB69B1D4A6A5}.Debug|Any CPU.ActiveCfg = Debug|Any CPU
		{9D20C50B-4501-4A4B-8037-FB69B1D4A6A5}.Debug|Any CPU.Build.0 = Debug|Any CPU
		{9D20C50B-4501-4A4B-8037-FB69B1D4A6A5}.Release|Any CPU.ActiveCfg = Release|Any CPU
		{9D20C50B-4501-4A4B-8037-FB69B1D4A6A5}.Release|Any CPU.Build.0 = Release|Any CPU
		{A9315480-FC8D-4DDA-99F1-E0E0B38DBDA1}.Debug|Any CPU.ActiveCfg = Debug|Any CPU
		{A9315480-FC8D-4DDA-99F1-E0E0B38DBDA1}.Debug|Any CPU.Build.0 = Debug|Any CPU
		{A9315480-FC8D-4DDA-99F1-E0E0B38DBDA1}.Release|Any CPU.ActiveCfg = Release|Any CPU
		{A9315480-FC8D-4DDA-99F1-E0E0B38DBDA1}.Release|Any CPU.Build.0 = Release|Any CPU
	EndGlobalSection
	GlobalSection(SolutionProperties) = preSolution
		HideSolutionNode = FALSE
	EndGlobalSection
	GlobalSection(ExtensibilityGlobals) = postSolution
		SolutionGuid = {3CA2E30F-F0B1-430D-AF8E-1E640C2F0E12}
	EndGlobalSection
EndGlobal
