
Microsoft Visual Studio Solution File, Format Version 12.00
# Visual Studio 15
VisualStudioVersion = 15.0.28307.106
MinimumVisualStudioVersion = 10.0.40219.1
Project("{FAE04EC0-301F-11D3-BF4B-00C04F79EFBC}") = "1. Sum Matrix Elements", "1. Sum Matrix Elements\1. Sum Matrix Elements.csproj", "{92F14DA5-4424-4A08-98CF-59A97FFB1859}"
EndProject
Project("{FAE04EC0-301F-11D3-BF4B-00C04F79EFBC}") = "2. Sum Matrix Columns", "2. Sum Matrix Columns\2. Sum Matrix Columns.csproj", "{44EBAD02-1C9C-4C58-B11A-75B76F08E05E}"
EndProject
Project("{FAE04EC0-301F-11D3-BF4B-00C04F79EFBC}") = "3. Primary Diagonal", "3. Primary Diagonal\3. Primary Diagonal.csproj", "{3F35A01D-AECF-45E7-826B-335EE3D7261A}"
EndProject
Project("{FAE04EC0-301F-11D3-BF4B-00C04F79EFBC}") = "4. Symbol in Matrix", "4. Symbol in Matrix\4. Symbol in Matrix.csproj", "{F17102C2-8CD1-4729-A04B-00CA0CF6B974}"
EndProject
Project("{FAE04EC0-301F-11D3-BF4B-00C04F79EFBC}") = "5. Square With Maximum Sum", "5. Square With Maximum Sum\5. Square With Maximum Sum.csproj", "{27C14166-B0B8-4B54-9851-93DDA2B684A8}"
EndProject
Project("{FAE04EC0-301F-11D3-BF4B-00C04F79EFBC}") = "6. Jagged-Array Modification", "6. Jagged-Array Modification\6. Jagged-Array Modification.csproj", "{2A9FBE51-C24C-4B94-A9C5-2647F62B2284}"
EndProject
Project("{FAE04EC0-301F-11D3-BF4B-00C04F79EFBC}") = "7. Pascal Triangle", "7. Pascal Triangle\7. Pascal Triangle.csproj", "{528B41E1-662C-4C2D-A853-BAC699D49DC2}"
EndProject
Global
	GlobalSection(SolutionConfigurationPlatforms) = preSolution
		Debug|Any CPU = Debug|Any CPU
		Release|Any CPU = Release|Any CPU
	EndGlobalSection
	GlobalSection(ProjectConfigurationPlatforms) = postSolution
		{92F14DA5-4424-4A08-98CF-59A97FFB1859}.Debug|Any CPU.ActiveCfg = Debug|Any CPU
		{92F14DA5-4424-4A08-98CF-59A97FFB1859}.Debug|Any CPU.Build.0 = Debug|Any CPU
		{92F14DA5-4424-4A08-98CF-59A97FFB1859}.Release|Any CPU.ActiveCfg = Release|Any CPU
		{92F14DA5-4424-4A08-98CF-59A97FFB1859}.Release|Any CPU.Build.0 = Release|Any CPU
		{44EBAD02-1C9C-4C58-B11A-75B76F08E05E}.Debug|Any CPU.ActiveCfg = Debug|Any CPU
		{44EBAD02-1C9C-4C58-B11A-75B76F08E05E}.Debug|Any CPU.Build.0 = Debug|Any CPU
		{44EBAD02-1C9C-4C58-B11A-75B76F08E05E}.Release|Any CPU.ActiveCfg = Release|Any CPU
		{44EBAD02-1C9C-4C58-B11A-75B76F08E05E}.Release|Any CPU.Build.0 = Release|Any CPU
		{3F35A01D-AECF-45E7-826B-335EE3D7261A}.Debug|Any CPU.ActiveCfg = Debug|Any CPU
		{3F35A01D-AECF-45E7-826B-335EE3D7261A}.Debug|Any CPU.Build.0 = Debug|Any CPU
		{3F35A01D-AECF-45E7-826B-335EE3D7261A}.Release|Any CPU.ActiveCfg = Release|Any CPU
		{3F35A01D-AECF-45E7-826B-335EE3D7261A}.Release|Any CPU.Build.0 = Release|Any CPU
		{F17102C2-8CD1-4729-A04B-00CA0CF6B974}.Debug|Any CPU.ActiveCfg = Debug|Any CPU
		{F17102C2-8CD1-4729-A04B-00CA0CF6B974}.Debug|Any CPU.Build.0 = Debug|Any CPU
		{F17102C2-8CD1-4729-A04B-00CA0CF6B974}.Release|Any CPU.ActiveCfg = Release|Any CPU
		{F17102C2-8CD1-4729-A04B-00CA0CF6B974}.Release|Any CPU.Build.0 = Release|Any CPU
		{27C14166-B0B8-4B54-9851-93DDA2B684A8}.Debug|Any CPU.ActiveCfg = Debug|Any CPU
		{27C14166-B0B8-4B54-9851-93DDA2B684A8}.Debug|Any CPU.Build.0 = Debug|Any CPU
		{27C14166-B0B8-4B54-9851-93DDA2B684A8}.Release|Any CPU.ActiveCfg = Release|Any CPU
		{27C14166-B0B8-4B54-9851-93DDA2B684A8}.Release|Any CPU.Build.0 = Release|Any CPU
		{2A9FBE51-C24C-4B94-A9C5-2647F62B2284}.Debug|Any CPU.ActiveCfg = Debug|Any CPU
		{2A9FBE51-C24C-4B94-A9C5-2647F62B2284}.Debug|Any CPU.Build.0 = Debug|Any CPU
		{2A9FBE51-C24C-4B94-A9C5-2647F62B2284}.Release|Any CPU.ActiveCfg = Release|Any CPU
		{2A9FBE51-C24C-4B94-A9C5-2647F62B2284}.Release|Any CPU.Build.0 = Release|Any CPU
		{528B41E1-662C-4C2D-A853-BAC699D49DC2}.Debug|Any CPU.ActiveCfg = Debug|Any CPU
		{528B41E1-662C-4C2D-A853-BAC699D49DC2}.Debug|Any CPU.Build.0 = Debug|Any CPU
		{528B41E1-662C-4C2D-A853-BAC699D49DC2}.Release|Any CPU.ActiveCfg = Release|Any CPU
		{528B41E1-662C-4C2D-A853-BAC699D49DC2}.Release|Any CPU.Build.0 = Release|Any CPU
	EndGlobalSection
	GlobalSection(SolutionProperties) = preSolution
		HideSolutionNode = FALSE
	EndGlobalSection
	GlobalSection(ExtensibilityGlobals) = postSolution
		SolutionGuid = {FC1E0F41-4646-4BC6-B859-B86F2E5F05A9}
	EndGlobalSection
EndGlobal
