
Microsoft Visual Studio Solution File, Format Version 12.00
# Visual Studio 15
VisualStudioVersion = 15.0.28307.106
MinimumVisualStudioVersion = 10.0.40219.1
Project("{9A19103F-16F7-4668-BE54-9A1E7A4F7556}") = "01. Define a Class Person", "01. Define a Class Person\01. Define a Class Person.csproj", "{A17798AF-3E41-4B04-8D7D-78BDC0DC09C8}"
EndProject
Project("{9A19103F-16F7-4668-BE54-9A1E7A4F7556}") = "02. Creating Constructors", "02. Creating Constructors\02. Creating Constructors.csproj", "{BC953B35-67EA-4D9D-A351-6F9927A24918}"
EndProject
Project("{9A19103F-16F7-4668-BE54-9A1E7A4F7556}") = "04.OpinionPoll", "04.OpinionPoll\04.OpinionPoll.csproj", "{A71755D3-2716-44AC-B75B-7D2E36E04134}"
EndProject
Project("{9A19103F-16F7-4668-BE54-9A1E7A4F7556}") = "05.DateModifier", "05.DateModifier\05.DateModifier.csproj", "{7BCF94B1-0384-42BE-9777-DF42229F95A1}"
EndProject
Project("{9A19103F-16F7-4668-BE54-9A1E7A4F7556}") = "06.CompanyRoster", "06.CompanyRoster\06.CompanyRoster.csproj", "{6E4DBC21-37C5-49F6-AC74-53B04B631D8D}"
EndProject
Project("{9A19103F-16F7-4668-BE54-9A1E7A4F7556}") = "08.RawData", "08.RawData\08.RawData.csproj", "{91D8A306-C096-4384-A1AB-D099299268B5}"
EndProject
Project("{FAE04EC0-301F-11D3-BF4B-00C04F79EFBC}") = "09. Rectangle Intersection", "09. Rectangle Intersection\09. Rectangle Intersection.csproj", "{DF707E2C-4F9A-4C1A-9A89-896770443E31}"
EndProject
Project("{FAE04EC0-301F-11D3-BF4B-00C04F79EFBC}") = "10.CarSalesman", "10.CarSalesman\10.CarSalesman.csproj", "{626A0F63-D8AB-4575-9364-F6BA1A4AF8C8}"
EndProject
Project("{FAE04EC0-301F-11D3-BF4B-00C04F79EFBC}") = "11.PokemonTrainer", "11.PokemonTrainer\11.PokemonTrainer.csproj", "{2DDC2C99-F463-4E57-99B1-8064C7A99C4D}"
EndProject
Project("{FAE04EC0-301F-11D3-BF4B-00C04F79EFBC}") = "12.Google", "12.Google\12.Google.csproj", "{225FAF97-2B67-4233-A151-B8BF8E5D71A7}"
EndProject
Project("{FAE04EC0-301F-11D3-BF4B-00C04F79EFBC}") = "13.FamilyTree", "13.FamilyTree\13.FamilyTree.csproj", "{ADC15B54-DF35-465C-86A4-B69FA3A29175}"
EndProject
Global
	GlobalSection(SolutionConfigurationPlatforms) = preSolution
		Debug|Any CPU = Debug|Any CPU
		Release|Any CPU = Release|Any CPU
	EndGlobalSection
	GlobalSection(ProjectConfigurationPlatforms) = postSolution
		{A17798AF-3E41-4B04-8D7D-78BDC0DC09C8}.Debug|Any CPU.ActiveCfg = Debug|Any CPU
		{A17798AF-3E41-4B04-8D7D-78BDC0DC09C8}.Debug|Any CPU.Build.0 = Debug|Any CPU
		{A17798AF-3E41-4B04-8D7D-78BDC0DC09C8}.Release|Any CPU.ActiveCfg = Release|Any CPU
		{A17798AF-3E41-4B04-8D7D-78BDC0DC09C8}.Release|Any CPU.Build.0 = Release|Any CPU
		{BC953B35-67EA-4D9D-A351-6F9927A24918}.Debug|Any CPU.ActiveCfg = Debug|Any CPU
		{BC953B35-67EA-4D9D-A351-6F9927A24918}.Debug|Any CPU.Build.0 = Debug|Any CPU
		{BC953B35-67EA-4D9D-A351-6F9927A24918}.Release|Any CPU.ActiveCfg = Release|Any CPU
		{BC953B35-67EA-4D9D-A351-6F9927A24918}.Release|Any CPU.Build.0 = Release|Any CPU
		{A71755D3-2716-44AC-B75B-7D2E36E04134}.Debug|Any CPU.ActiveCfg = Debug|Any CPU
		{A71755D3-2716-44AC-B75B-7D2E36E04134}.Debug|Any CPU.Build.0 = Debug|Any CPU
		{A71755D3-2716-44AC-B75B-7D2E36E04134}.Release|Any CPU.ActiveCfg = Release|Any CPU
		{A71755D3-2716-44AC-B75B-7D2E36E04134}.Release|Any CPU.Build.0 = Release|Any CPU
		{7BCF94B1-0384-42BE-9777-DF42229F95A1}.Debug|Any CPU.ActiveCfg = Debug|Any CPU
		{7BCF94B1-0384-42BE-9777-DF42229F95A1}.Debug|Any CPU.Build.0 = Debug|Any CPU
		{7BCF94B1-0384-42BE-9777-DF42229F95A1}.Release|Any CPU.ActiveCfg = Release|Any CPU
		{7BCF94B1-0384-42BE-9777-DF42229F95A1}.Release|Any CPU.Build.0 = Release|Any CPU
		{6E4DBC21-37C5-49F6-AC74-53B04B631D8D}.Debug|Any CPU.ActiveCfg = Debug|Any CPU
		{6E4DBC21-37C5-49F6-AC74-53B04B631D8D}.Debug|Any CPU.Build.0 = Debug|Any CPU
		{6E4DBC21-37C5-49F6-AC74-53B04B631D8D}.Release|Any CPU.ActiveCfg = Release|Any CPU
		{6E4DBC21-37C5-49F6-AC74-53B04B631D8D}.Release|Any CPU.Build.0 = Release|Any CPU
		{91D8A306-C096-4384-A1AB-D099299268B5}.Debug|Any CPU.ActiveCfg = Debug|Any CPU
		{91D8A306-C096-4384-A1AB-D099299268B5}.Debug|Any CPU.Build.0 = Debug|Any CPU
		{91D8A306-C096-4384-A1AB-D099299268B5}.Release|Any CPU.ActiveCfg = Release|Any CPU
		{91D8A306-C096-4384-A1AB-D099299268B5}.Release|Any CPU.Build.0 = Release|Any CPU
		{DF707E2C-4F9A-4C1A-9A89-896770443E31}.Debug|Any CPU.ActiveCfg = Debug|Any CPU
		{DF707E2C-4F9A-4C1A-9A89-896770443E31}.Debug|Any CPU.Build.0 = Debug|Any CPU
		{DF707E2C-4F9A-4C1A-9A89-896770443E31}.Release|Any CPU.ActiveCfg = Release|Any CPU
		{DF707E2C-4F9A-4C1A-9A89-896770443E31}.Release|Any CPU.Build.0 = Release|Any CPU
		{626A0F63-D8AB-4575-9364-F6BA1A4AF8C8}.Debug|Any CPU.ActiveCfg = Debug|Any CPU
		{626A0F63-D8AB-4575-9364-F6BA1A4AF8C8}.Debug|Any CPU.Build.0 = Debug|Any CPU
		{626A0F63-D8AB-4575-9364-F6BA1A4AF8C8}.Release|Any CPU.ActiveCfg = Release|Any CPU
		{626A0F63-D8AB-4575-9364-F6BA1A4AF8C8}.Release|Any CPU.Build.0 = Release|Any CPU
		{2DDC2C99-F463-4E57-99B1-8064C7A99C4D}.Debug|Any CPU.ActiveCfg = Debug|Any CPU
		{2DDC2C99-F463-4E57-99B1-8064C7A99C4D}.Debug|Any CPU.Build.0 = Debug|Any CPU
		{2DDC2C99-F463-4E57-99B1-8064C7A99C4D}.Release|Any CPU.ActiveCfg = Release|Any CPU
		{2DDC2C99-F463-4E57-99B1-8064C7A99C4D}.Release|Any CPU.Build.0 = Release|Any CPU
		{225FAF97-2B67-4233-A151-B8BF8E5D71A7}.Debug|Any CPU.ActiveCfg = Debug|Any CPU
		{225FAF97-2B67-4233-A151-B8BF8E5D71A7}.Debug|Any CPU.Build.0 = Debug|Any CPU
		{225FAF97-2B67-4233-A151-B8BF8E5D71A7}.Release|Any CPU.ActiveCfg = Release|Any CPU
		{225FAF97-2B67-4233-A151-B8BF8E5D71A7}.Release|Any CPU.Build.0 = Release|Any CPU
		{ADC15B54-DF35-465C-86A4-B69FA3A29175}.Debug|Any CPU.ActiveCfg = Debug|Any CPU
		{ADC15B54-DF35-465C-86A4-B69FA3A29175}.Debug|Any CPU.Build.0 = Debug|Any CPU
		{ADC15B54-DF35-465C-86A4-B69FA3A29175}.Release|Any CPU.ActiveCfg = Release|Any CPU
		{ADC15B54-DF35-465C-86A4-B69FA3A29175}.Release|Any CPU.Build.0 = Release|Any CPU
	EndGlobalSection
	GlobalSection(SolutionProperties) = preSolution
		HideSolutionNode = FALSE
	EndGlobalSection
	GlobalSection(ExtensibilityGlobals) = postSolution
		SolutionGuid = {926ECC2A-453D-46D3-9C58-70CB7EE66205}
	EndGlobalSection
EndGlobal
